$begin 'ConnectionParameters'
	DesktopProcessID=5284
	DesktopProcessPath='C:\\Program Files\\AnsysEM\\v232\\Win64\\ansysedt.exe'
	LaunchedByWB=false
	$begin 'DesktopStubBlock'
		$begin 'CommDetails'
			TransportType=1
			IPAddress='10.104.145.58'
			ListenPort='59714'
		$end 'CommDetails'
		$begin 'Marshall'
			InstanceID=503
			ProcID=5284
			InterfaceID=1
			FactoryIntID='DesktopInterfaceForWBProxyStubFactory'
		$end 'Marshall'
	$end 'DesktopStubBlock'
	$begin 'DesktopBackgroundObjStubBlock'
		$begin 'CommDetails'
			TransportType=1
			IPAddress='10.104.145.58'
			ListenPort='59714'
		$end 'CommDetails'
		$begin 'Marshall'
			InstanceID=505
			ProcID=5284
			InterfaceID=2
			FactoryIntID='DesktopInterfaceForWBProxyStubFactory'
		$end 'Marshall'
	$end 'DesktopBackgroundObjStubBlock'
$end 'ConnectionParameters'
